
Microsoft Visual Studio Solution File, Format Version 12.00
# Visual Studio Version 17
VisualStudioVersion = 17.11.35312.102
MinimumVisualStudioVersion = 10.0.40219.1
Project("{FAE04EC0-301F-11D3-BF4B-00C04F79EFBC}") = "pro-exam", "pro-exam\pro-exam.csproj", "{575FBC38-31CF-47A1-81C3-8E0C7CD88BB1}"
EndProject
Global
	GlobalSection(SolutionConfigurationPlatforms) = preSolution
		Debug|Any CPU = Debug|Any CPU
		Release|Any CPU = Release|Any CPU
	EndGlobalSection
	GlobalSection(ProjectConfigurationPlatforms) = postSolution
		{575FBC38-31CF-47A1-81C3-8E0C7CD88BB1}.Debug|Any CPU.ActiveCfg = Debug|Any CPU
		{575FBC38-31CF-47A1-81C3-8E0C7CD88BB1}.Debug|Any CPU.Build.0 = Debug|Any CPU
		{575FBC38-31CF-47A1-81C3-8E0C7CD88BB1}.Release|Any CPU.ActiveCfg = Release|Any CPU
		{575FBC38-31CF-47A1-81C3-8E0C7CD88BB1}.Release|Any CPU.Build.0 = Release|Any CPU
	EndGlobalSection
	GlobalSection(SolutionProperties) = preSolution
		HideSolutionNode = FALSE
	EndGlobalSection
	GlobalSection(ExtensibilityGlobals) = postSolution
		SolutionGuid = {DC8DB007-02B5-4B30-9C81-A69F73E48321}
	EndGlobalSection
EndGlobal
